
Microsoft Visual Studio Solution File, Format Version 12.00
# Visual Studio Version 17
VisualStudioVersion = 17.0.31903.59
MinimumVisualStudioVersion = 10.0.40219.1
Project("{2150E333-8FDC-42A3-9474-1A3956D46DE8}") = "src", "src", "{98179E92-E967-4F9A-9C1A-8D48E453EA2C}"
EndProject
Project("{FAE04EC0-301F-11D3-BF4B-00C04F79EFBC}") = "VisitMe.Api", "src\VisitMe.Api\VisitMe.Api.csproj", "{3DB2BA0F-BEFC-4875-B27B-C5F3CC01E613}"
EndProject
Global
	GlobalSection(SolutionConfigurationPlatforms) = preSolution
		Debug|Any CPU = Debug|Any CPU
		Release|Any CPU = Release|Any CPU
	EndGlobalSection
	GlobalSection(SolutionProperties) = preSolution
		HideSolutionNode = FALSE
	EndGlobalSection
	GlobalSection(ProjectConfigurationPlatforms) = postSolution
		{3DB2BA0F-BEFC-4875-B27B-C5F3CC01E613}.Debug|Any CPU.ActiveCfg = Debug|Any CPU
		{3DB2BA0F-BEFC-4875-B27B-C5F3CC01E613}.Debug|Any CPU.Build.0 = Debug|Any CPU
		{3DB2BA0F-BEFC-4875-B27B-C5F3CC01E613}.Release|Any CPU.ActiveCfg = Release|Any CPU
		{3DB2BA0F-BEFC-4875-B27B-C5F3CC01E613}.Release|Any CPU.Build.0 = Release|Any CPU
	EndGlobalSection
	GlobalSection(NestedProjects) = preSolution
		{3DB2BA0F-BEFC-4875-B27B-C5F3CC01E613} = {98179E92-E967-4F9A-9C1A-8D48E453EA2C}
	EndGlobalSection
EndGlobal
